{
  "version": 1,
  "dependencies": {
    "net10.0": {
      "System.Security.Cryptography.Pkcs": {
        "type": "Transitive",
        "resolved": "10.0.11",
        "contentHash": "8IV+rI3xN/Mkq9MsSX7VZTv9T9Wt+tyhHLwBX9VNZBk8m8kknEs1JeTSjI2x9M2L/fSja+c2WSE5n5Yy0GXdoQ=="
      },
      "elite.arca.credentials": {
        "type": "Project",
        "dependencies": {
          "System.Security.Cryptography.Pkcs": "[10.0.11, )"
        }
      }
    }
  }
}
