# Exact wheel graph resolved and verified for CPython 3.14 on Windows x86-64.
certifi @ https://files.pythonhosted.org/packages/0b/a7/71ac2cff56fec219ed242bb11b8efb69fcc4bec75db06fb7bfe35de520e6/certifi-2026.7.22-py3-none-any.whl#sha256=62f22742b58a1a33014a2b6b706588a8d7e2a88ae7bd1a6ebe8c992928483775
cffi @ https://files.pythonhosted.org/packages/a7/06/1c3e01e3ba14c39f6d10bfbac52753b7e22259e38088e5cfe1d704918690/cffi-2.1.1-cp314-cp314-win_amd64.whl#sha256=3222ba5d678f80a030e6afbcc33dc1ae5cb45facabb61cee2c7016b8432fde48
charset-normalizer @ https://files.pythonhosted.org/packages/7a/7c/4938c329b6a9d446f6a59aa2092ff7118f274209b5ed0e26893d1d30a63c/charset_normalizer-3.5.1-cp314-cp314-win_amd64.whl#sha256=c658c50ac0c98cd755a2dd50b7977d3bca7df401dcc47fbdfa87db53ef7d4e8b
cryptography @ https://files.pythonhosted.org/packages/42/8b/cb12b1b60c91b074ca6bf0fdd59aa8f10d8bc5f73af8faece86ef0421b37/cryptography-50.0.1-cp311-abi3-win_amd64.whl#sha256=aed8db4f6d71c51efb89530e12d9464e7bf2923d46c3205dc794a2a93f8c0648
google-ads @ https://files.pythonhosted.org/packages/5d/59/27f19973bee9d6ae64e052d20767e2f586067b8237dd935254927f9009b5/google_ads-31.4.0-py3-none-any.whl#sha256=210a7f6a7b5d40ef544090216dceeb90c9d2e7fba51c72329a690c9e5bb94474
google-api-core @ https://files.pythonhosted.org/packages/44/56/30c91c61b8f70d4c09285a005b94798729aeaf4ec8b90c1c360da8207728/google_api_core-2.36.0-py3-none-any.whl#sha256=e4d0b179260727ea5c42222426d9199285214dbef7bf48f8b16600c7f9a78944
google-auth @ https://files.pythonhosted.org/packages/3b/27/0f7247b8002a1404fdb5412aeb15fb0fe70288eb8f88a5873d1c0d8262cf/google_auth-2.57.1-py3-none-any.whl#sha256=ab439dee60a6856412bc058f13a68eb6a59c5b81526bb89cfdcf89ce9c0a48c9
google-auth-oauthlib @ https://files.pythonhosted.org/packages/6f/32/ebf82c6ae8c1caf975b3153d763f3b765dddafa01d2a6c2a142fde28bda7/google_auth_oauthlib-1.4.1-py3-none-any.whl#sha256=a1be43ec69fe563ac9b2c4d6fc4334b323b21cbdc59a638b5fa34dd4d5a2a348
googleapis-common-protos @ https://files.pythonhosted.org/packages/1a/7a/7d79170c6ce6f12e109df2b3879d6b934010cf4f99aea8de8b7e5408c174/googleapis_common_protos-1.75.3-py3-none-any.whl#sha256=a018d2bf098ca9fb6faa08d5bb780e2a2c2f73c566f069761331386c9596d3f2
grpcio @ https://files.pythonhosted.org/packages/65/22/fc9a622d885a7a37ff972a12faaef443d74e47407181da70d0ab62ab41f0/grpcio-1.83.1-cp314-cp314-win_amd64.whl#sha256=47e6934ad38779271e2e7cc5f78a63a407cf3d98114c65c1fdbcd3f5a716f29b
grpcio-status @ https://files.pythonhosted.org/packages/e7/34/b03ec688e5c8c6ce283ec8b214d9c171e97059eb55157465f6fd6db1562c/grpcio_status-1.83.1-py3-none-any.whl#sha256=2cd328ee62ef2b3eb957dd3b75db7dadcdbb76488fdc9ab3aba1ebfbbdc324a4
idna @ https://files.pythonhosted.org/packages/57/b0/0e52c878c53f245edd3a11020f20979b3f490f245af532c7cae3027754b5/idna-3.19-py3-none-any.whl#sha256=815e7be7a7806d54abb586dc943addc79e8b2ee16915059658cbeff4b1b43bf4
oauthlib @ https://files.pythonhosted.org/packages/be/9c/92789c596b8df838baa98fa71844d84283302f7604ed565dafe5a6b5041a/oauthlib-3.3.1-py3-none-any.whl#sha256=88119c938d2b8fb88561af5f6ee0eec8cc8d552b7bb1f712743136eb7523b7a1
opentelemetry-api @ https://files.pythonhosted.org/packages/ca/6f/a04e900f465ff3221ccc395522503e2d10e79fa21f2723c8e177aae1e0d1/opentelemetry_api-1.44.0-py3-none-any.whl#sha256=94b98c893a91b88657eaac1e3ba89618cdb85be6918196705354f34728b2cdef
proto-plus @ https://files.pythonhosted.org/packages/41/5d/0f04b85dafdc3250ced7f2592efc17dce7f40712e941e9632202481e600d/proto_plus-1.28.4-py3-none-any.whl#sha256=4b01341272f8a348db3f003b6143109f83ab43091019d5181b3fcdf500ab32aa
protobuf @ https://files.pythonhosted.org/packages/db/37/155788a0d8daded960375af604202805308169f9b859419ea0aa370946e2/protobuf-7.36.1-cp310-abi3-win_amd64.whl#sha256=51139351435d9b43d88a55eaa49fb6f737fbb478fb0cbf2cf694d1a04a9d3363
pyasn1 @ https://files.pythonhosted.org/packages/9a/3b/6163796d69c3977d1e4287bea4a6979161cbbdd170ebb430511e8e1999ce/pyasn1-0.6.4-py3-none-any.whl#sha256=deda9277cfd454080ec40b207fb6df82206a3a2688735233cdcd8d3d565f088b
pyasn1-modules @ https://files.pythonhosted.org/packages/47/8d/d529b5d697919ba8c11ad626e835d4039be708a35b0d22de83a269a6682c/pyasn1_modules-0.4.2-py3-none-any.whl#sha256=29253a9207ce32b64c3ac6600edc75368f98473906e8fd1043bd6b5b1de2c14a
pycparser @ https://files.pythonhosted.org/packages/0c/c3/44f3fbbfa403ea2a7c779186dc20772604442dde72947e7d01069cbe98e3/pycparser-3.0-py3-none-any.whl#sha256=b727414169a36b7d524c1c3e31839a521725078d7b2ff038656844266160a992
PyYAML @ https://files.pythonhosted.org/packages/23/20/bb6982b26a40bb43951265ba29d4c246ef0ff59c9fdcdf0ed04e0687de4d/pyyaml-6.0.3-cp314-cp314-win_amd64.whl#sha256=4a2e8cebe2ff6ab7d1050ecd59c25d4c8bd7e6f400f5f82b96557ac0abafd0ac
requests @ https://files.pythonhosted.org/packages/a0/f4/c67b0b3f1b9245e8d266f0f112c500d50e5b4e83cb6f3b71b6528104182a/requests-2.34.2-py3-none-any.whl#sha256=2a0d60c172f83ac6ab31e4554906c0f3b3588d37b5cb939b1c061f4907e278e0
requests-oauthlib @ https://files.pythonhosted.org/packages/3b/5d/63d4ae3b9daea098d5d6f5da83984853c1bbacd5dc826764b249fe119d24/requests_oauthlib-2.0.0-py2.py3-none-any.whl#sha256=7dd8a5c40426b779b0868c404bdef9768deccf22749cde15852df527e6269b36
typing-extensions @ https://files.pythonhosted.org/packages/49/d3/b8441a820a491ddfc024b0b0cf0393375b75ea13866d9c66727e54c2fc80/typing_extensions-4.16.0-py3-none-any.whl#sha256=481caa481374e813c1b176ada14e97f1f67a4539ce9cfeb3f350d78d6370c2e8
urllib3 @ https://files.pythonhosted.org/packages/7f/3e/5db95bcf282c52709639744ca2a8b149baccf648e39c8cc87553df9eae0c/urllib3-2.7.0-py3-none-any.whl#sha256=9fb4c81ebbb1ce9531cce37674bbc6f1360472bc18ca9a553ede278ef7276897
