# Exact wheel graph resolved and verified for CPython 3.14 on Windows x86-64.
certifi @ https://files.pythonhosted.org/packages/0b/a7/71ac2cff56fec219ed242bb11b8efb69fcc4bec75db06fb7bfe35de520e6/certifi-2026.7.22-py3-none-any.whl#sha256=62f22742b58a1a33014a2b6b706588a8d7e2a88ae7bd1a6ebe8c992928483775
cffi @ https://files.pythonhosted.org/packages/a7/06/1c3e01e3ba14c39f6d10bfbac52753b7e22259e38088e5cfe1d704918690/cffi-2.1.1-cp314-cp314-win_amd64.whl#sha256=3222ba5d678f80a030e6afbcc33dc1ae5cb45facabb61cee2c7016b8432fde48
charset-normalizer @ https://files.pythonhosted.org/packages/7a/7c/4938c329b6a9d446f6a59aa2092ff7118f274209b5ed0e26893d1d30a63c/charset_normalizer-3.5.1-cp314-cp314-win_amd64.whl#sha256=c658c50ac0c98cd755a2dd50b7977d3bca7df401dcc47fbdfa87db53ef7d4e8b
cryptography @ https://files.pythonhosted.org/packages/42/8b/cb12b1b60c91b074ca6bf0fdd59aa8f10d8bc5f73af8faece86ef0421b37/cryptography-50.0.1-cp311-abi3-win_amd64.whl#sha256=aed8db4f6d71c51efb89530e12d9464e7bf2923d46c3205dc794a2a93f8c0648
google-api-core @ https://files.pythonhosted.org/packages/bc/c1/a8a92ae1bc4b1a8f804c776d7d3f0c771b78a62c3ad4df1be41b3fd8c767/google_api_core-2.34.0-py3-none-any.whl#sha256=cdf9c67e7ca2402d86ccbfde5f2503fc83e3cc3f58cc78456ae96cad24a6d2de
google-auth @ https://files.pythonhosted.org/packages/00/f3/8508a702c094af5f6e89773f4dfdeee74913df0f41a02c21b5e7dc3d75cd/google_auth-2.57.0-py3-none-any.whl#sha256=180dafe015cfb62193bea26b677500fab5b9fd51a1e825ebf3ad9b182047ae59
google-shopping-merchant-products @ https://files.pythonhosted.org/packages/ea/7f/4de247c1900a4bb9a2e6bec51128c907545980133f1f39293c21f7c17527/google_shopping_merchant_products-1.8.0-py3-none-any.whl#sha256=722ef095eca35126255c129964a61818f0d7bc9eeef7f1da12732d81c1dcd505
google-shopping-type @ https://files.pythonhosted.org/packages/37/b0/2b6287659916fd70564951e5d5797ca987da3cc67897fd7a1d1724075401/google_shopping_type-1.5.0-py3-none-any.whl#sha256=afc1180f2d068713bc1bee4b1c6882876023be6ef42e1af020991dfab2595072
googleapis-common-protos @ https://files.pythonhosted.org/packages/47/5b/1c9e55363c3b1890a98cae813de5b4ea327845756cd8fb7ee690140c7eac/googleapis_common_protos-1.75.2-py3-none-any.whl#sha256=6b83302f554ea93a0f48409c7fc2050f954bcbcddb7e3a9c76d4a823cb22920e
grpcio @ https://files.pythonhosted.org/packages/a1/00/b1b26431c9d54eee11724fd6e5585473a2ed47fbc1fb95e5204906a642ce/grpcio-1.83.0-cp314-cp314-win_amd64.whl#sha256=2bb48cb5e6dd005ca12b89ce4b6ac0b48ff3112c747542ee7986ef611a8ca6d9
grpcio-status @ https://files.pythonhosted.org/packages/d6/00/73204406228cf989bea6b0fd9fe4702fab49a8a152a0c6f90856dadb6ac7/grpcio_status-1.83.0-py3-none-any.whl#sha256=f6a838a7c5fb84ae98833ec0ef81ed438c26e11e54b2ddb8e92ad328c861de69
idna @ https://files.pythonhosted.org/packages/57/b0/0e52c878c53f245edd3a11020f20979b3f490f245af532c7cae3027754b5/idna-3.19-py3-none-any.whl#sha256=815e7be7a7806d54abb586dc943addc79e8b2ee16915059658cbeff4b1b43bf4
proto-plus @ https://files.pythonhosted.org/packages/41/5d/0f04b85dafdc3250ced7f2592efc17dce7f40712e941e9632202481e600d/proto_plus-1.28.4-py3-none-any.whl#sha256=4b01341272f8a348db3f003b6143109f83ab43091019d5181b3fcdf500ab32aa
protobuf @ https://files.pythonhosted.org/packages/0e/4e/12cb93270967a2affff5b3f720694700d4d87712a67afd05c8cb3f6fa52c/protobuf-7.36.0-cp310-abi3-win_amd64.whl#sha256=1781cc1de61249b750848029bca452c0a8b7e990080316b9bbc2518b2117b488
pyasn1 @ https://files.pythonhosted.org/packages/9a/3b/6163796d69c3977d1e4287bea4a6979161cbbdd170ebb430511e8e1999ce/pyasn1-0.6.4-py3-none-any.whl#sha256=deda9277cfd454080ec40b207fb6df82206a3a2688735233cdcd8d3d565f088b
pyasn1-modules @ https://files.pythonhosted.org/packages/47/8d/d529b5d697919ba8c11ad626e835d4039be708a35b0d22de83a269a6682c/pyasn1_modules-0.4.2-py3-none-any.whl#sha256=29253a9207ce32b64c3ac6600edc75368f98473906e8fd1043bd6b5b1de2c14a
pycparser @ https://files.pythonhosted.org/packages/0c/c3/44f3fbbfa403ea2a7c779186dc20772604442dde72947e7d01069cbe98e3/pycparser-3.0-py3-none-any.whl#sha256=b727414169a36b7d524c1c3e31839a521725078d7b2ff038656844266160a992
requests @ https://files.pythonhosted.org/packages/a0/f4/c67b0b3f1b9245e8d266f0f112c500d50e5b4e83cb6f3b71b6528104182a/requests-2.34.2-py3-none-any.whl#sha256=2a0d60c172f83ac6ab31e4554906c0f3b3588d37b5cb939b1c061f4907e278e0
typing-extensions @ https://files.pythonhosted.org/packages/49/d3/b8441a820a491ddfc024b0b0cf0393375b75ea13866d9c66727e54c2fc80/typing_extensions-4.16.0-py3-none-any.whl#sha256=481caa481374e813c1b176ada14e97f1f67a4539ce9cfeb3f350d78d6370c2e8
urllib3 @ https://files.pythonhosted.org/packages/7f/3e/5db95bcf282c52709639744ca2a8b149baccf648e39c8cc87553df9eae0c/urllib3-2.7.0-py3-none-any.whl#sha256=9fb4c81ebbb1ce9531cce37674bbc6f1360472bc18ca9a553ede278ef7276897
